
Microsoft Visual Studio Solution File, Format Version 12.00
# Visual Studio 15
VisualStudioVersion = 15.0.28010.2026
MinimumVisualStudioVersion = 10.0.40219.1
Project("{FAE04EC0-301F-11D3-BF4B-00C04F79EFBC}") = "Gravatar", "Gravatar.csproj", "{68B1861B-B46C-4825-984A-854734F7E741}"
EndProject
Project("{FAE04EC0-301F-11D3-BF4B-00C04F79EFBC}") = "Gravatar.Tests", "Gravatar.Tests\Gravatar.Tests.csproj", "{6BDEFA1F-444C-45F8-AB46-599407A54802}"
EndProject
Global
	GlobalSection(SolutionConfigurationPlatforms) = preSolution
		Debug|Any CPU = Debug|Any CPU
		Release|Any CPU = Release|Any CPU
	EndGlobalSection
	GlobalSection(ProjectConfigurationPlatforms) = postSolution
		{68B1861B-B46C-4825-984A-854734F7E741}.Debug|Any CPU.ActiveCfg = Debug|Any CPU
		{68B1861B-B46C-4825-984A-854734F7E741}.Debug|Any CPU.Build.0 = Debug|Any CPU
		{68B1861B-B46C-4825-984A-854734F7E741}.Release|Any CPU.ActiveCfg = Release|Any CPU
		{68B1861B-B46C-4825-984A-854734F7E741}.Release|Any CPU.Build.0 = Release|Any CPU
		{6BDEFA1F-444C-45F8-AB46-599407A54802}.Debug|Any CPU.ActiveCfg = Debug|Any CPU
		{6BDEFA1F-444C-45F8-AB46-599407A54802}.Debug|Any CPU.Build.0 = Debug|Any CPU
		{6BDEFA1F-444C-45F8-AB46-599407A54802}.Release|Any CPU.ActiveCfg = Release|Any CPU
		{6BDEFA1F-444C-45F8-AB46-599407A54802}.Release|Any CPU.Build.0 = Release|Any CPU
	EndGlobalSection
	GlobalSection(SolutionProperties) = preSolution
		HideSolutionNode = FALSE
	EndGlobalSection
	GlobalSection(ExtensibilityGlobals) = postSolution
		SolutionGuid = {82855680-A3E9-408F-AD1D-5023EE2D7CF3}
	EndGlobalSection
EndGlobal
